
Microsoft Visual Studio Solution File, Format Version 12.00
# Visual Studio Version 16
VisualStudioVersion = 16.0.32126.315
MinimumVisualStudioVersion = 10.0.40219.1
Project("{9A19103F-16F7-4668-BE54-9A1E7A4F7556}") = "KentBeckTDDSampleCode", "KentBeckTDDSampleCode.csproj", "{0EA6A6A7-3020-4B84-8552-6B0B643ADE9D}"
EndProject
Project("{FAE04EC0-301F-11D3-BF4B-00C04F79EFBC}") = "KentBeckTDDSampleCodeTest", "..\Test\KentBeckTDDSampleCodeTest.csproj", "{625DEA5B-8E16-41CB-992A-42118CC15A86}"
	ProjectSection(ProjectDependencies) = postProject
		{0EA6A6A7-3020-4B84-8552-6B0B643ADE9D} = {0EA6A6A7-3020-4B84-8552-6B0B643ADE9D}
	EndProjectSection
EndProject
Global
	GlobalSection(SolutionConfigurationPlatforms) = preSolution
		Debug|Any CPU = Debug|Any CPU
		Release|Any CPU = Release|Any CPU
	EndGlobalSection
	GlobalSection(ProjectConfigurationPlatforms) = postSolution
		{0EA6A6A7-3020-4B84-8552-6B0B643ADE9D}.Debug|Any CPU.ActiveCfg = Debug|Any CPU
		{0EA6A6A7-3020-4B84-8552-6B0B643ADE9D}.Debug|Any CPU.Build.0 = Debug|Any CPU
		{0EA6A6A7-3020-4B84-8552-6B0B643ADE9D}.Release|Any CPU.ActiveCfg = Release|Any CPU
		{0EA6A6A7-3020-4B84-8552-6B0B643ADE9D}.Release|Any CPU.Build.0 = Release|Any CPU
		{625DEA5B-8E16-41CB-992A-42118CC15A86}.Debug|Any CPU.ActiveCfg = Debug|Any CPU
		{625DEA5B-8E16-41CB-992A-42118CC15A86}.Debug|Any CPU.Build.0 = Debug|Any CPU
		{625DEA5B-8E16-41CB-992A-42118CC15A86}.Release|Any CPU.ActiveCfg = Release|Any CPU
		{625DEA5B-8E16-41CB-992A-42118CC15A86}.Release|Any CPU.Build.0 = Release|Any CPU
	EndGlobalSection
	GlobalSection(SolutionProperties) = preSolution
		HideSolutionNode = FALSE
	EndGlobalSection
	GlobalSection(ExtensibilityGlobals) = postSolution
		SolutionGuid = {17CA7ADF-6AD7-4148-AAAE-711D83F6A74B}
	EndGlobalSection
EndGlobal
